
Microsoft Visual Studio Solution File, Format Version 12.00
# Visual Studio Version 17
VisualStudioVersion = 17.5.33103.201
MinimumVisualStudioVersion = 10.0.40219.1
Project("{FAE04EC0-301F-11D3-BF4B-00C04F79EFBC}") = "MsgPack", "MsgPack.csproj", "{BCB900DA-13B7-4528-ABC0-BEA48C30E9B1}"
EndProject
Global
	GlobalSection(SolutionConfigurationPlatforms) = preSolution
		Debug|Any CPU = Debug|Any CPU
		Release|Any CPU = Release|Any CPU
	EndGlobalSection
	GlobalSection(ProjectConfigurationPlatforms) = postSolution
		{BCB900DA-13B7-4528-ABC0-BEA48C30E9B1}.Debug|Any CPU.ActiveCfg = Debug|Any CPU
		{BCB900DA-13B7-4528-ABC0-BEA48C30E9B1}.Debug|Any CPU.Build.0 = Debug|Any CPU
		{BCB900DA-13B7-4528-ABC0-BEA48C30E9B1}.Release|Any CPU.ActiveCfg = Release|Any CPU
		{BCB900DA-13B7-4528-ABC0-BEA48C30E9B1}.Release|Any CPU.Build.0 = Release|Any CPU
	EndGlobalSection
	GlobalSection(SolutionProperties) = preSolution
		HideSolutionNode = FALSE
	EndGlobalSection
	GlobalSection(ExtensibilityGlobals) = postSolution
		SolutionGuid = {00DE564A-3AA7-4450-86EF-7B661DA7EF15}
	EndGlobalSection
EndGlobal
